
Microsoft Visual Studio Solution File, Format Version 12.00
# Visual Studio Version 16
VisualStudioVersion = 16.0.32407.337
MinimumVisualStudioVersion = 10.0.40219.1
Project("{FAE04EC0-301F-11D3-BF4B-00C04F79EFBC}") = "ProductCatalog", "ProductCatalog\ProductCatalog.csproj", "{3BE3F3CA-D18E-4441-BD21-B3F64A577ED6}"
EndProject
Global
	GlobalSection(SolutionConfigurationPlatforms) = preSolution
		Debug|Any CPU = Debug|Any CPU
		Release|Any CPU = Release|Any CPU
	EndGlobalSection
	GlobalSection(ProjectConfigurationPlatforms) = postSolution
		{3BE3F3CA-D18E-4441-BD21-B3F64A577ED6}.Debug|Any CPU.ActiveCfg = Debug|Any CPU
		{3BE3F3CA-D18E-4441-BD21-B3F64A577ED6}.Debug|Any CPU.Build.0 = Debug|Any CPU
		{3BE3F3CA-D18E-4441-BD21-B3F64A577ED6}.Release|Any CPU.ActiveCfg = Release|Any CPU
		{3BE3F3CA-D18E-4441-BD21-B3F64A577ED6}.Release|Any CPU.Build.0 = Release|Any CPU
	EndGlobalSection
	GlobalSection(SolutionProperties) = preSolution
		HideSolutionNode = FALSE
	EndGlobalSection
	GlobalSection(ExtensibilityGlobals) = postSolution
		SolutionGuid = {CC2A1D6D-0651-42BB-9459-021D4BC92D80}
	EndGlobalSection
EndGlobal
